
Microsoft Visual Studio Solution File, Format Version 12.00
# Visual Studio 15
VisualStudioVersion = 15.0.27428.2043
MinimumVisualStudioVersion = 10.0.40219.1
Project("{FAE04EC0-301F-11D3-BF4B-00C04F79EFBC}") = "DSharpBotCore", "DSharpBotCore\DSharpBotCore.csproj", "{D6CFED6E-E596-4AEF-B195-D7A27E03015C}"
EndProject
Global
	GlobalSection(SolutionConfigurationPlatforms) = preSolution
		Debug|Any CPU = Debug|Any CPU
		Release|Any CPU = Release|Any CPU
	EndGlobalSection
	GlobalSection(ProjectConfigurationPlatforms) = postSolution
		{D6CFED6E-E596-4AEF-B195-D7A27E03015C}.Debug|Any CPU.ActiveCfg = Debug|Any CPU
		{D6CFED6E-E596-4AEF-B195-D7A27E03015C}.Debug|Any CPU.Build.0 = Debug|Any CPU
		{D6CFED6E-E596-4AEF-B195-D7A27E03015C}.Release|Any CPU.ActiveCfg = Release|Any CPU
		{D6CFED6E-E596-4AEF-B195-D7A27E03015C}.Release|Any CPU.Build.0 = Release|Any CPU
	EndGlobalSection
	GlobalSection(SolutionProperties) = preSolution
		HideSolutionNode = FALSE
	EndGlobalSection
	GlobalSection(ExtensibilityGlobals) = postSolution
		SolutionGuid = {DD7C0266-D815-4CB5-B9F2-04C34423BF56}
	EndGlobalSection
EndGlobal
